Microsoft Visual Studio Solution File, Format Version 12.00
# Visual Studio Version 17
VisualStudioVersion = 17.5.2.0
MinimumVisualStudioVersion = 10.0.40219.1
Project("{2150E333-8FDC-42A3-9474-1A3956D46DE8}") = "insurance-platform", "insurance-platform", "{C7E88F75-C440-BD9E-A253-BF0F65FB507C}"
EndProject
Project("{FAE04EC0-301F-11D3-BF4B-00C04F79EFBC}") = "InsuranceAPI", "insurance-platform\InsuranceAPI\InsuranceAPI.csproj", "{BC7F48FF-F108-4F08-FCC7-DA07CAB8C321}"
EndProject
Global
	GlobalSection(SolutionConfigurationPlatforms) = preSolution
		Debug|Any CPU = Debug|Any CPU
		Release|Any CPU = Release|Any CPU
	EndGlobalSection
	GlobalSection(ProjectConfigurationPlatforms) = postSolution
		{BC7F48FF-F108-4F08-FCC7-DA07CAB8C321}.Debug|Any CPU.ActiveCfg = Debug|Any CPU
		{BC7F48FF-F108-4F08-FCC7-DA07CAB8C321}.Debug|Any CPU.Build.0 = Debug|Any CPU
		{BC7F48FF-F108-4F08-FCC7-DA07CAB8C321}.Release|Any CPU.ActiveCfg = Release|Any CPU
		{BC7F48FF-F108-4F08-FCC7-DA07CAB8C321}.Release|Any CPU.Build.0 = Release|Any CPU
	EndGlobalSection
	GlobalSection(SolutionProperties) = preSolution
		HideSolutionNode = FALSE
	EndGlobalSection
	GlobalSection(NestedProjects) = preSolution
		{BC7F48FF-F108-4F08-FCC7-DA07CAB8C321} = {C7E88F75-C440-BD9E-A253-BF0F65FB507C}
	EndGlobalSection
	GlobalSection(ExtensibilityGlobals) = postSolution
		SolutionGuid = {09A4B6F3-E017-471C-A7FC-30E863A3905D}
	EndGlobalSection
EndGlobal
